# THIS IS AN AUTOGENERATED FILE. DO NOT EDIT THIS FILE DIRECTLY.
# yarn lockfile v1


"@cgps/phylocanvas@^3.18.0":
  version "3.18.0"
  resolved "https://registry.yarnpkg.com/@cgps/phylocanvas/-/phylocanvas-3.18.0.tgz#344ff9fb07e0dcbfc2e65c92b359fb7717a4da3a"
  integrity sha512-zVyNXAFZ4vnuymv/8twzbyVwu0lYC8W71nbWxpopZUxge4YfMzVmt/r6P5eJfvMpHxbY96QwRyaTd4z9vrybew==

"@thesoulfresh/pan-zoom@https://github.com/soulfresh/pan-zoom":
  version "4.1.4"
  resolved "https://github.com/soulfresh/pan-zoom#b48986789275c797851b69bfc963eadd5752649e"
  dependencies:
    dprop "^1.0.0"
    gl-vec2 "^1.3.0"
    has-passive-events "^1.0.0"
    lodash.debounce "^4.0.8"
    mouse-event-offset "^3.0.2"
    raf "^3.4.0"
    touch-position "^2.0.0"

dprop@^1.0.0:
  version "1.0.0"
  resolved "https://registry.yarnpkg.com/dprop/-/dprop-1.0.0.tgz#5f45a60a60fa3ac1d0f68b6b435831f2ff665468"
  integrity sha1-X0WmCmD6OsHQ9otrQ1gx8v9mVGg=

events@^1.0.2:
  version "1.1.1"
  resolved "https://registry.yarnpkg.com/events/-/events-1.1.1.tgz#9ebdb7635ad099c70dcc4c2a1f5004288e8bd924"
  integrity sha1-nr23Y1rQmccNzEwqH1AEKI6L2SQ=

gl-vec2@^1.3.0:
  version "1.3.0"
  resolved "https://registry.yarnpkg.com/gl-vec2/-/gl-vec2-1.3.0.tgz#83d472ed46034de8e09cbc857123fb6c81c51199"
  integrity sha512-YiqaAuNsheWmUV0Sa8k94kBB0D6RWjwZztyO+trEYS8KzJ6OQB/4686gdrf59wld4hHFIvaxynO3nRxpk1Ij/A==

has-passive-events@^1.0.0:
  version "1.0.0"
  resolved "https://registry.yarnpkg.com/has-passive-events/-/has-passive-events-1.0.0.tgz#75fc3dc6dada182c58f24ebbdc018276d1ea3515"
  integrity sha512-2vSj6IeIsgvsRMyeQ0JaCX5Q3lX4zMn5HpoVc7MEhQ6pv8Iq9rsXjsp+E5ZwaT7T0xhMT0KmU8gtt1EFVdbJiw==
  dependencies:
    is-browser "^2.0.1"

is-browser@^2.0.1:
  version "2.1.0"
  resolved "https://registry.yarnpkg.com/is-browser/-/is-browser-2.1.0.tgz#fc084d59a5fced307d6708c59356bad7007371a9"
  integrity sha512-F5rTJxDQ2sW81fcfOR1GnCXT6sVJC104fCyfj+mjpwNEwaPYSn5fte5jiHmBg3DHsIoL/l8Kvw5VN5SsTRcRFQ==

lodash.debounce@^4.0.8:
  version "4.0.8"
  resolved "https://registry.yarnpkg.com/lodash.debounce/-/lodash.debounce-4.0.8.tgz#82d79bff30a67c4005ffd5e2515300ad9ca4d7af"
  integrity sha1-gteb/zCmfEAF/9XiUVMArZyk168=

mouse-event-offset@^3.0.2:
  version "3.0.2"
  resolved "https://registry.yarnpkg.com/mouse-event-offset/-/mouse-event-offset-3.0.2.tgz#dfd86a6e248c6ba8cad53b905d5037a2063e9984"
  integrity sha1-39hqbiSMa6jK1TuQXVA3ogY+mYQ=

performance-now@^2.1.0:
  version "2.1.0"
  resolved "https://registry.yarnpkg.com/performance-now/-/performance-now-2.1.0.tgz#6309f4e0e5fa913ec1c69307ae364b4b377c9e7b"
  integrity sha1-Ywn04OX6kT7BxpMHrjZLSzd8nns=

raf@^3.4.0:
  version "3.4.1"
  resolved "https://registry.yarnpkg.com/raf/-/raf-3.4.1.tgz#0742e99a4a6552f445d73e3ee0328af0ff1ede39"
  integrity sha512-Sq4CW4QhwOHE8ucn6J34MqtZCeWFP2aQSmrlroYgqAV1PjStIhJXxYuTgUIfkEk7zTLjmIjLmU5q+fbD1NnOJA==
  dependencies:
    performance-now "^2.1.0"

touch-position@^2.0.0:
  version "2.0.0"
  resolved "https://registry.yarnpkg.com/touch-position/-/touch-position-2.0.0.tgz#dba7cc7f6e8fa19288152d229e15b7dc5c824286"
  integrity sha1-26fMf26PoZKIFS0inhW33FyCQoY=
  dependencies:
    events "^1.0.2"
    mouse-event-offset "^3.0.2"
